<?xml version="1.0" encoding="utf-8"?>
<Project ToolsVersion="4.0" xmlns="http://schemas.microsoft.com/developer/msbuild/2003">
  <ItemGroup>
    <Filter Include="Source Files">
      <UniqueIdentifier>{4FC737F1-C7A5-4376-A066-2A32D752A2FF}</UniqueIdentifier>
      <Extensions>cpp;c;cc;cxx;def;odl;idl;hpj;bat;asm;asmx</Extensions>
    </Filter>
    <Filter Include="Header Files">
      <UniqueIdentifier>{93995380-89BD-4b04-88EB-625FBE52EBFB}</UniqueIdentifier>
      <Extensions>h;hpp;hxx;hm;inl;inc;xsd</Extensions>
    </Filter>
    <Filter Include="Source Files\Renderer">
      <UniqueIdentifier>{d2779673-17bf-4027-8a3a-c5046229853a}</UniqueIdentifier>
    </Filter>
    <Filter Include="Source Files\Renderer\Header Files">
      <UniqueIdentifier>{63a564a9-8ecf-4f9a-97cb-4619ceff8800}</UniqueIdentifier>
    </Filter>
    <Filter Include="Source Files\Input">
      <UniqueIdentifier>{f33e1ea4-68d2-4e3d-bc70-67ef110ae28c}</UniqueIdentifier>
    </Filter>
    <Filter Include="Shaders">
      <UniqueIdentifier>{b06025a5-307f-4535-9489-1ae84e08770c}</UniqueIdentifier>
    </Filter>
    <Filter Include="Source Files\Renderer\Source Files">
      <UniqueIdentifier>{a9102954-e18c-4e1d-94ab-812a9d2eec27}</UniqueIdentifier>
    </Filter>
    <Filter Include="Source Files\States">
      <UniqueIdentifier>{22e43106-f1c8-4917-81f4-86e412298965}</UniqueIdentifier>
    </Filter>
    <Filter Include="Source Files\States\Header Files">
      <UniqueIdentifier>{75f68021-fdbb-4a9c-a459-aac646040712}</UniqueIdentifier>
    </Filter>
    <Filter Include="Source Files\States\Source Files">
      <UniqueIdentifier>{80657f48-3a3b-4d84-b574-5e8a8c412459}</UniqueIdentifier>
    </Filter>
    <Filter Include="Utilities">
      <UniqueIdentifier>{2cd54e6c-2d05-4176-810e-5a4ffc7ad9a4}</UniqueIdentifier>
    </Filter>
  </ItemGroup>
  <ItemGroup>
    <ClCompile Include="Main.cpp">
      <Filter>Source Files</Filter>
    </ClCompile>
    <ClCompile Include="System.cpp">
      <Filter>Source Files</Filter>
    </ClCompile>
    <ClCompile Include="Input\InputManager.cpp">
      <Filter>Source Files\Input</Filter>
    </ClCompile>
    <ClCompile Include="Renderer\Shader.cpp">
      <Filter>Source Files\Renderer\Source Files</Filter>
    </ClCompile>
    <ClCompile Include="Renderer\Camera.cpp">
      <Filter>Source Files\Renderer\Source Files</Filter>
    </ClCompile>
    <ClCompile Include="Renderer\D3D.cpp">
      <Filter>Source Files\Renderer\Source Files</Filter>
    </ClCompile>
    <ClCompile Include="Renderer\Model.cpp">
      <Filter>Source Files\Renderer\Source Files</Filter>
    </ClCompile>
    <ClCompile Include="Renderer\Renderer.cpp">
      <Filter>Source Files\Renderer\Source Files</Filter>
    </ClCompile>
    <ClCompile Include="Renderer\RenderNode.cpp">
      <Filter>Source Files\Renderer\Source Files</Filter>
    </ClCompile>
    <ClCompile Include="Game.cpp">
      <Filter>Source Files</Filter>
    </ClCompile>
    <ClCompile Include="States\GamePlayState.cpp">
      <Filter>Source Files\States\Source Files</Filter>
    </ClCompile>
    <ClCompile Include="States\MainMenuState.cpp">
      <Filter>Source Files\States\Source Files</Filter>
    </ClCompile>
    <ClCompile Include="Utilities\Timer.cpp">
      <Filter>Utilities</Filter>
    </ClCompile>
    <ClCompile Include="Renderer\Texture.cpp">
      <Filter>Source Files\Renderer\Source Files</Filter>
    </ClCompile>
    <ClCompile Include="Renderer\DxBitmap.cpp">
      <Filter>Source Files\Renderer\Source Files</Filter>
    </ClCompile>
    <ClCompile Include="Renderer\TextureShader.cpp">
      <Filter>Source Files\Renderer\Source Files</Filter>
    </ClCompile>
  </ItemGroup>
  <ItemGroup>
    <ClInclude Include="stdafx.h">
      <Filter>Header Files</Filter>
    </ClInclude>
    <ClInclude Include="System.h">
      <Filter>Header Files</Filter>
    </ClInclude>
    <ClInclude Include="Renderer\Renderer.h">
      <Filter>Source Files\Renderer\Header Files</Filter>
    </ClInclude>
    <ClInclude Include="Input\InputManager.h">
      <Filter>Source Files\Input</Filter>
    </ClInclude>
    <ClInclude Include="Renderer\D3D.h">
      <Filter>Source Files\Renderer\Header Files</Filter>
    </ClInclude>
    <ClInclude Include="Renderer\Model.h">
      <Filter>Source Files\Renderer\Header Files</Filter>
    </ClInclude>
    <ClInclude Include="resource.h">
      <Filter>Header Files</Filter>
    </ClInclude>
    <ClInclude Include="Renderer\Shader.h">
      <Filter>Source Files\Renderer\Header Files</Filter>
    </ClInclude>
    <ClInclude Include="Renderer\Camera.h">
      <Filter>Source Files\Renderer\Header Files</Filter>
    </ClInclude>
    <ClInclude Include="Renderer\RenderNode.h">
      <Filter>Source Files\Renderer\Header Files</Filter>
    </ClInclude>
    <ClInclude Include="Game.h">
      <Filter>Header Files</Filter>
    </ClInclude>
    <ClInclude Include="States\GamePlayState.h">
      <Filter>Source Files\States\Header Files</Filter>
    </ClInclude>
    <ClInclude Include="States\MainMenuState.h">
      <Filter>Source Files\States\Header Files</Filter>
    </ClInclude>
    <ClInclude Include="States\IBaseState.h">
      <Filter>Source Files\States\Header Files</Filter>
    </ClInclude>
    <ClInclude Include="Utilities\Timer.h">
      <Filter>Utilities</Filter>
    </ClInclude>
    <ClInclude Include="Renderer\Texture.h">
      <Filter>Source Files\Renderer\Header Files</Filter>
    </ClInclude>
    <ClInclude Include="Renderer\DxBitmap.h">
      <Filter>Source Files\Renderer\Header Files</Filter>
    </ClInclude>
    <ClInclude Include="Renderer\TextureShader.h">
      <Filter>Source Files\Renderer\Header Files</Filter>
    </ClInclude>
  </ItemGroup>
  <ItemGroup>
    <None Include="Resources\Shaders\ColorPS.fx">
      <Filter>Shaders</Filter>
    </None>
    <None Include="Resources\Shaders\ColorVS.fx">
      <Filter>Shaders</Filter>
    </None>
    <None Include="Resources\Shaders\texturePS.fx">
      <Filter>Shaders</Filter>
    </None>
    <None Include="Resources\Shaders\textureVS.fx">
      <Filter>Shaders</Filter>
    </None>
    <None Include="Resources\Shaders\2DTexturePS.fx">
      <Filter>Shaders</Filter>
    </None>
    <None Include="Resources\Shaders\2DTextureVS.fx">
      <Filter>Shaders</Filter>
    </None>
  </ItemGroup>
</Project>